
Microsoft Visual Studio Solution File, Format Version 12.00
# Visual Studio 15
VisualStudioVersion = 15.0.27004.2005
MinimumVisualStudioVersion = 10.0.40219.1
Project("{FAE04EC0-301F-11D3-BF4B-00C04F79EFBC}") = "MVC_Nhibernet_Repository", "MVC_Nhibernet_Repository\MVC_Nhibernet_Repository.csproj", "{F58C2CB7-CC88-462E-B57F-F8D945EDAE0F}"
EndProject
Project("{FAE04EC0-301F-11D3-BF4B-00C04F79EFBC}") = "UIService", "UIService\UIService.csproj", "{7F493C7A-D724-4960-B155-0078799AA0B2}"
EndProject
Project("{2150E333-8FDC-42A3-9474-1A3956D46DE8}") = "CastleWindzor_RepositoryPattern_Example", "CastleWindzor_RepositoryPattern_Example", "{6EC8A704-CF84-404E-97BC-C05410A255C6}"
EndProject
Project("{FAE04EC0-301F-11D3-BF4B-00C04F79EFBC}") = "RepositoryPattern", "RepositoryPattern\RepositoryPattern.csproj", "{11ACAE09-7289-46DD-93E7-CE9749798781}"
EndProject
Global
	GlobalSection(SolutionConfigurationPlatforms) = preSolution
		Debug|Any CPU = Debug|Any CPU
		Release|Any CPU = Release|Any CPU
	EndGlobalSection
	GlobalSection(ProjectConfigurationPlatforms) = postSolution
		{F58C2CB7-CC88-462E-B57F-F8D945EDAE0F}.Debug|Any CPU.ActiveCfg = Debug|Any CPU
		{F58C2CB7-CC88-462E-B57F-F8D945EDAE0F}.Debug|Any CPU.Build.0 = Debug|Any CPU
		{F58C2CB7-CC88-462E-B57F-F8D945EDAE0F}.Release|Any CPU.ActiveCfg = Release|Any CPU
		{F58C2CB7-CC88-462E-B57F-F8D945EDAE0F}.Release|Any CPU.Build.0 = Release|Any CPU
		{7F493C7A-D724-4960-B155-0078799AA0B2}.Debug|Any CPU.ActiveCfg = Debug|Any CPU
		{7F493C7A-D724-4960-B155-0078799AA0B2}.Debug|Any CPU.Build.0 = Debug|Any CPU
		{7F493C7A-D724-4960-B155-0078799AA0B2}.Release|Any CPU.ActiveCfg = Release|Any CPU
		{7F493C7A-D724-4960-B155-0078799AA0B2}.Release|Any CPU.Build.0 = Release|Any CPU
		{11ACAE09-7289-46DD-93E7-CE9749798781}.Debug|Any CPU.ActiveCfg = Debug|Any CPU
		{11ACAE09-7289-46DD-93E7-CE9749798781}.Debug|Any CPU.Build.0 = Debug|Any CPU
		{11ACAE09-7289-46DD-93E7-CE9749798781}.Release|Any CPU.ActiveCfg = Release|Any CPU
		{11ACAE09-7289-46DD-93E7-CE9749798781}.Release|Any CPU.Build.0 = Release|Any CPU
	EndGlobalSection
	GlobalSection(SolutionProperties) = preSolution
		HideSolutionNode = FALSE
	EndGlobalSection
	GlobalSection(NestedProjects) = preSolution
		{11ACAE09-7289-46DD-93E7-CE9749798781} = {6EC8A704-CF84-404E-97BC-C05410A255C6}
	EndGlobalSection
	GlobalSection(ExtensibilityGlobals) = postSolution
		SolutionGuid = {675553C1-499F-44B5-B1EC-9C5DBCD9B700}
	EndGlobalSection
EndGlobal
